{
  "name": "qabuddy",
  "lockfileVersion": 3,
  "requires": true,
  "packages": {
    "": {
      "name": "qabuddy",
      "license": "Apache-2.0",
      "dependencies": {
        "akela": "0.1.3"
      },
      "engines": {
        "node": ">=18"
      }
    },
    "node_modules/akela": {
      "version": "0.1.3",
      "resolved": "https://registry.npmjs.org/akela/-/akela-0.1.3.tgz",
      "integrity": "sha512-aVGKqSsgMY3gTccAIf8RzkA2HD8+ej78mqSHW7KtzuHQNtf2dRKKGPTHfylof7zPJNz7R94GFGHaaM/4aLyNUA==",
      "license": "MIT",
      "bin": {
        "akela": "bin/akela.js"
      },
      "engines": {
        "node": ">=18"
      }
    }
  }
}
