{
  "name": "qabuddy",
  "lockfileVersion": 3,
  "requires": true,
  "packages": {
    "": {
      "name": "qabuddy",
      "license": "Apache-2.0",
      "dependencies": {
        "akela": "0.1.4"
      },
      "engines": {
        "node": ">=18"
      }
    },
    "node_modules/akela": {
      "version": "0.1.4",
      "resolved": "https://registry.npmjs.org/akela/-/akela-0.1.4.tgz",
      "integrity": "sha512-/ljh+f73gmK1asYHS0cUmP1wh+zYMIq0U9fIQDOZh8/Om2U7o8bXqs2149u7Zga4Fpr8mUTM7mk8ZI9JDquzJw==",
      "license": "MIT",
      "bin": {
        "akela": "bin/akela.js"
      },
      "engines": {
        "node": ">=18"
      }
    }
  }
}
